
Microsoft Visual Studio Solution File, Format Version 12.00
# Visual Studio Version 16
VisualStudioVersion = 16.0.29215.179
MinimumVisualStudioVersion = 10.0.40219.1
Project("{FAE04EC0-301F-11D3-BF4B-00C04F79EFBC}") = "MVCApp", "MVCApp\MVCApp.csproj", "{695287EC-23B9-4E2B-9B95-C18850D48A14}"
EndProject
Project("{FAE04EC0-301F-11D3-BF4B-00C04F79EFBC}") = "DataLibrary", "DataLibrary\DataLibrary.csproj", "{E821A7F0-A1D7-46A4-86BA-8A37D06CA81D}"
EndProject
Project("{00D1A9C2-B5F0-4AF3-8072-F6C62B433612}") = "DemoDB", "DemoDB\DemoDB.sqlproj", "{9F876A53-4DAE-4417-A711-9C66B976DEB4}"
EndProject
Global
	GlobalSection(SolutionConfigurationPlatforms) = preSolution
		Debug|Any CPU = Debug|Any CPU
		Release|Any CPU = Release|Any CPU
	EndGlobalSection
	GlobalSection(ProjectConfigurationPlatforms) = postSolution
		{695287EC-23B9-4E2B-9B95-C18850D48A14}.Debug|Any CPU.ActiveCfg = Debug|Any CPU
		{695287EC-23B9-4E2B-9B95-C18850D48A14}.Debug|Any CPU.Build.0 = Debug|Any CPU
		{695287EC-23B9-4E2B-9B95-C18850D48A14}.Release|Any CPU.ActiveCfg = Release|Any CPU
		{695287EC-23B9-4E2B-9B95-C18850D48A14}.Release|Any CPU.Build.0 = Release|Any CPU
		{E821A7F0-A1D7-46A4-86BA-8A37D06CA81D}.Debug|Any CPU.ActiveCfg = Debug|Any CPU
		{E821A7F0-A1D7-46A4-86BA-8A37D06CA81D}.Debug|Any CPU.Build.0 = Debug|Any CPU
		{E821A7F0-A1D7-46A4-86BA-8A37D06CA81D}.Release|Any CPU.ActiveCfg = Release|Any CPU
		{E821A7F0-A1D7-46A4-86BA-8A37D06CA81D}.Release|Any CPU.Build.0 = Release|Any CPU
		{9F876A53-4DAE-4417-A711-9C66B976DEB4}.Debug|Any CPU.ActiveCfg = Debug|Any CPU
		{9F876A53-4DAE-4417-A711-9C66B976DEB4}.Debug|Any CPU.Build.0 = Debug|Any CPU
		{9F876A53-4DAE-4417-A711-9C66B976DEB4}.Debug|Any CPU.Deploy.0 = Debug|Any CPU
		{9F876A53-4DAE-4417-A711-9C66B976DEB4}.Release|Any CPU.ActiveCfg = Release|Any CPU
		{9F876A53-4DAE-4417-A711-9C66B976DEB4}.Release|Any CPU.Build.0 = Release|Any CPU
		{9F876A53-4DAE-4417-A711-9C66B976DEB4}.Release|Any CPU.Deploy.0 = Release|Any CPU
	EndGlobalSection
	GlobalSection(SolutionProperties) = preSolution
		HideSolutionNode = FALSE
	EndGlobalSection
	GlobalSection(ExtensibilityGlobals) = postSolution
		SolutionGuid = {12A8050D-0841-4807-BCBB-929E074A3653}
	EndGlobalSection
EndGlobal
